
Microsoft Visual Studio Solution File, Format Version 12.00
# Visual Studio Version 17
VisualStudioVersion = 17.14.36127.28 d17.14
MinimumVisualStudioVersion = 10.0.40219.1
Project("{FAE04EC0-301F-11D3-BF4B-00C04F79EFBC}") = "OOAP_Lab1", "OOAP_Lab1\OOAP_Lab1.csproj", "{6375629B-80AF-49FA-9244-5AE8D7907CFA}"
EndProject
Global
	GlobalSection(SolutionConfigurationPlatforms) = preSolution
		Debug|Any CPU = Debug|Any CPU
		Release|Any CPU = Release|Any CPU
	EndGlobalSection
	GlobalSection(ProjectConfigurationPlatforms) = postSolution
		{6375629B-80AF-49FA-9244-5AE8D7907CFA}.Debug|Any CPU.ActiveCfg = Debug|Any CPU
		{6375629B-80AF-49FA-9244-5AE8D7907CFA}.Debug|Any CPU.Build.0 = Debug|Any CPU
		{6375629B-80AF-49FA-9244-5AE8D7907CFA}.Release|Any CPU.ActiveCfg = Release|Any CPU
		{6375629B-80AF-49FA-9244-5AE8D7907CFA}.Release|Any CPU.Build.0 = Release|Any CPU
	EndGlobalSection
	GlobalSection(SolutionProperties) = preSolution
		HideSolutionNode = FALSE
	EndGlobalSection
	GlobalSection(ExtensibilityGlobals) = postSolution
		SolutionGuid = {9C4559F8-6880-479E-AEED-67097F2CFFE2}
	EndGlobalSection
EndGlobal
